
Microsoft Visual Studio Solution File, Format Version 12.00
# Visual Studio Version 17
VisualStudioVersion = 17.2.32630.192
MinimumVisualStudioVersion = 10.0.40219.1
Project("{FAE04EC0-301F-11D3-BF4B-00C04F79EFBC}") = "Core.Common.Tests", "Core.Common.Tests\Core.Common.Tests.csproj", "{4198EF81-246E-416B-8BD0-E127D9CBC90B}"
EndProject
Project("{FAE04EC0-301F-11D3-BF4B-00C04F79EFBC}") = "Core.Common", "Core.Common\Core.Common.csproj", "{B4A9E233-F60D-465D-8D36-5F0C4F1213A6}"
EndProject
Global
	GlobalSection(SolutionConfigurationPlatforms) = preSolution
		Debug|Any CPU = Debug|Any CPU
		Release|Any CPU = Release|Any CPU
	EndGlobalSection
	GlobalSection(ProjectConfigurationPlatforms) = postSolution
		{4198EF81-246E-416B-8BD0-E127D9CBC90B}.Debug|Any CPU.ActiveCfg = Debug|Any CPU
		{4198EF81-246E-416B-8BD0-E127D9CBC90B}.Debug|Any CPU.Build.0 = Debug|Any CPU
		{4198EF81-246E-416B-8BD0-E127D9CBC90B}.Release|Any CPU.ActiveCfg = Release|Any CPU
		{4198EF81-246E-416B-8BD0-E127D9CBC90B}.Release|Any CPU.Build.0 = Release|Any CPU
		{B4A9E233-F60D-465D-8D36-5F0C4F1213A6}.Debug|Any CPU.ActiveCfg = Debug|Any CPU
		{B4A9E233-F60D-465D-8D36-5F0C4F1213A6}.Debug|Any CPU.Build.0 = Debug|Any CPU
		{B4A9E233-F60D-465D-8D36-5F0C4F1213A6}.Release|Any CPU.ActiveCfg = Release|Any CPU
		{B4A9E233-F60D-465D-8D36-5F0C4F1213A6}.Release|Any CPU.Build.0 = Release|Any CPU
	EndGlobalSection
	GlobalSection(SolutionProperties) = preSolution
		HideSolutionNode = FALSE
	EndGlobalSection
	GlobalSection(ExtensibilityGlobals) = postSolution
		SolutionGuid = {BD501396-EC30-4975-BFB5-C642815B8179}
	EndGlobalSection
EndGlobal
